
Microsoft Visual Studio Solution File, Format Version 12.00
# Visual Studio 15
VisualStudioVersion = 15.0.28307.168
MinimumVisualStudioVersion = 10.0.40219.1
Project("{FAE04EC0-301F-11D3-BF4B-00C04F79EFBC}") = "IoT.Sharp.WinForm", "IoT.Sharp.WinForm\IoT.Sharp.WinForm.csproj", "{EC9B85A8-74C9-43E2-AD91-E5EE55E67B1A}"
EndProject
Project("{2150E333-8FDC-42A3-9474-1A3956D46DE8}") = "Solution Items", "Solution Items", "{927460CD-308A-4BF5-A7BB-CD5FB59E5497}"
	ProjectSection(SolutionItems) = preProject
		.gitignore = .gitignore
		.gitmodules = .gitmodules
		docs\IoT.Sharp.Hub.nswag = docs\IoT.Sharp.Hub.nswag
		LICENSE = LICENSE
		README.md = README.md
	EndProjectSection
EndProject
Project("{9A19103F-16F7-4668-BE54-9A1E7A4F7556}") = "IoT.Sharp.Sdk.CSharp", "IoTSharp.SDKs\IoT.Sharp.Sdk.CSharp\IoT.Sharp.Sdk.CSharp.csproj", "{C4E2BD3F-1D28-47EF-AF2B-25BB301A2557}"
EndProject
Global
	GlobalSection(SolutionConfigurationPlatforms) = preSolution
		Debug|Any CPU = Debug|Any CPU
		Release|Any CPU = Release|Any CPU
	EndGlobalSection
	GlobalSection(ProjectConfigurationPlatforms) = postSolution
		{EC9B85A8-74C9-43E2-AD91-E5EE55E67B1A}.Debug|Any CPU.ActiveCfg = Debug|Any CPU
		{EC9B85A8-74C9-43E2-AD91-E5EE55E67B1A}.Debug|Any CPU.Build.0 = Debug|Any CPU
		{EC9B85A8-74C9-43E2-AD91-E5EE55E67B1A}.Release|Any CPU.ActiveCfg = Release|Any CPU
		{EC9B85A8-74C9-43E2-AD91-E5EE55E67B1A}.Release|Any CPU.Build.0 = Release|Any CPU
		{C4E2BD3F-1D28-47EF-AF2B-25BB301A2557}.Debug|Any CPU.ActiveCfg = Debug|Any CPU
		{C4E2BD3F-1D28-47EF-AF2B-25BB301A2557}.Debug|Any CPU.Build.0 = Debug|Any CPU
		{C4E2BD3F-1D28-47EF-AF2B-25BB301A2557}.Release|Any CPU.ActiveCfg = Release|Any CPU
		{C4E2BD3F-1D28-47EF-AF2B-25BB301A2557}.Release|Any CPU.Build.0 = Release|Any CPU
	EndGlobalSection
	GlobalSection(SolutionProperties) = preSolution
		HideSolutionNode = FALSE
	EndGlobalSection
	GlobalSection(ExtensibilityGlobals) = postSolution
		SolutionGuid = {BBEDA8AE-0D7C-49DC-9C61-DEBB373A7CBB}
	EndGlobalSection
EndGlobal
