
Microsoft Visual Studio Solution File, Format Version 12.00
# Visual Studio Version 16
VisualStudioVersion = 16.0.28803.156
MinimumVisualStudioVersion = 10.0.40219.1
Project("{FAE04EC0-301F-11D3-BF4B-00C04F79EFBC}") = "IoTSharp.Cicada", "IoTSharp.Cicada\IoTSharp.Cicada.csproj", "{EC9B85A8-74C9-43E2-AD91-E5EE55E67B1A}"
EndProject
Project("{9A19103F-16F7-4668-BE54-9A1E7A4F7556}") = "IoTSharp.Sdk", "IoTSharp.SDKs\IoTSharp.Sdk.CSharp\IoTSharp.Sdk.csproj", "{5D60CCBE-CECC-482A-8017-FE65D4249F17}"
EndProject
Global
	GlobalSection(SolutionConfigurationPlatforms) = preSolution
		Debug|Any CPU = Debug|Any CPU
		Release|Any CPU = Release|Any CPU
	EndGlobalSection
	GlobalSection(ProjectConfigurationPlatforms) = postSolution
		{EC9B85A8-74C9-43E2-AD91-E5EE55E67B1A}.Debug|Any CPU.ActiveCfg = Debug|Any CPU
		{EC9B85A8-74C9-43E2-AD91-E5EE55E67B1A}.Debug|Any CPU.Build.0 = Debug|Any CPU
		{EC9B85A8-74C9-43E2-AD91-E5EE55E67B1A}.Release|Any CPU.ActiveCfg = Release|Any CPU
		{EC9B85A8-74C9-43E2-AD91-E5EE55E67B1A}.Release|Any CPU.Build.0 = Release|Any CPU
		{5D60CCBE-CECC-482A-8017-FE65D4249F17}.Debug|Any CPU.ActiveCfg = Debug|Any CPU
		{5D60CCBE-CECC-482A-8017-FE65D4249F17}.Debug|Any CPU.Build.0 = Debug|Any CPU
		{5D60CCBE-CECC-482A-8017-FE65D4249F17}.Release|Any CPU.ActiveCfg = Release|Any CPU
		{5D60CCBE-CECC-482A-8017-FE65D4249F17}.Release|Any CPU.Build.0 = Release|Any CPU
	EndGlobalSection
	GlobalSection(SolutionProperties) = preSolution
		HideSolutionNode = FALSE
	EndGlobalSection
	GlobalSection(ExtensibilityGlobals) = postSolution
		SolutionGuid = {57359CF1-8788-437B-972F-35360A67D8C9}
	EndGlobalSection
EndGlobal
